
Microsoft Visual Studio Solution File, Format Version 12.00
# Visual Studio Version 17
VisualStudioVersion = 17.0.31903.59
MinimumVisualStudioVersion = 10.0.40219.1
Project("{FAE04EC0-301F-11D3-BF4B-00C04F79EFBC}") = "GestorClientes", "GestorClientes\\GestorClientes.csproj", "{49BA0A56-352A-4F9F-AA00-6A0767F4E435}"
EndProject
Global
	GlobalSection(SolutionConfigurationPlatforms) = preSolution
		Debug|Any CPU = Debug|Any CPU
		Release|Any CPU = Release|Any CPU
	EndGlobalSection
	GlobalSection(ProjectConfigurationPlatforms) = postSolution
		{49BA0A56-352A-4F9F-AA00-6A0767F4E435}.Debug|Any CPU.ActiveCfg = Debug|Any CPU
		{49BA0A56-352A-4F9F-AA00-6A0767F4E435}.Debug|Any CPU.Build.0 = Debug|Any CPU
		{49BA0A56-352A-4F9F-AA00-6A0767F4E435}.Release|Any CPU.ActiveCfg = Release|Any CPU
		{49BA0A56-352A-4F9F-AA00-6A0767F4E435}.Release|Any CPU.Build.0 = Release|Any CPU
	EndGlobalSection
	GlobalSection(SolutionProperties) = preSolution
		HideSolutionNode = FALSE
	EndGlobalSection
	GlobalSection(ExtensibilityGlobals) = postSolution
		SolutionGuid = {493CB035-1C2C-41C9-8E8F-8E2E2683288B}
	EndGlobalSection
EndGlobal
